
Microsoft Visual Studio Solution File, Format Version 11.00
# Visual Studio 2010
Project("{FAE04EC0-301F-11D3-BF4B-00C04F79EFBC}") = "HariSeedsWeb", "HariSeedsWeb\HariSeedsWeb.csproj", "{239FF9C6-2C9B-4282-B226-0F018DCEA637}"
EndProject
Global
	GlobalSection(SolutionConfigurationPlatforms) = preSolution
		Debug|Any CPU = Debug|Any CPU
		Release|Any CPU = Release|Any CPU
	EndGlobalSection
	GlobalSection(ProjectConfigurationPlatforms) = postSolution
		{239FF9C6-2C9B-4282-B226-0F018DCEA637}.Debug|Any CPU.ActiveCfg = Debug|Any CPU
		{239FF9C6-2C9B-4282-B226-0F018DCEA637}.Debug|Any CPU.Build.0 = Debug|Any CPU
		{239FF9C6-2C9B-4282-B226-0F018DCEA637}.Release|Any CPU.ActiveCfg = Release|Any CPU
		{239FF9C6-2C9B-4282-B226-0F018DCEA637}.Release|Any CPU.Build.0 = Release|Any CPU
	EndGlobalSection
	GlobalSection(SolutionProperties) = preSolution
		HideSolutionNode = FALSE
	EndGlobalSection
EndGlobal
